PODS:
  - Alamofire (3.0.1)
  - BRYXBanner (0.5.2):
    - BRYXBanner/Core (= 0.5.2)
  - BRYXBanner/Core (0.5.2)
  - CVCalendar (1.2.9)
  - ImageLoader (0.8.9)
  - Realm (0.97.1):
    - Realm/Headers (= 0.97.1)
  - Realm/Headers (0.97.1)
  - RealmSwift (0.97.1):
    - Realm (= 0.97.1)
  - SwiftyJSON (2.3.2)
  - TTReflect (1.0.0)

DEPENDENCIES:
  - Alamofire (~> 3.0.0)
  - BRYXBanner (from `https://github.com/bryx-inc/BRYXBanner`)
  - CVCalendar (~> 1.2.8)
  - ImageLoader
  - RealmSwift (~> 0.97.0)
  - SwiftyJSON (from `https://github.com/SwiftyJSON/SwiftyJSON.git`)
  - TTReflect (from `https://github.com/TifaTsubasa/TTReflect.git`)

EXTERNAL SOURCES:
  BRYXBanner:
    :git: https://github.com/bryx-inc/BRYXBanner
  SwiftyJSON:
    :git: https://github.com/SwiftyJSON/SwiftyJSON.git
  TTReflect:
    :git: https://github.com/TifaTsubasa/TTReflect.git

CHECKOUT OPTIONS:
  BRYXBanner:
    :commit: 8befdb24eda657931e05c95b6bbb79c7b3a83e95
    :git: https://github.com/bryx-inc/BRYXBanner
  SwiftyJSON:
    :commit: 2a5b70f06001316d4fb54501edc70b4084705da0
    :git: https://github.com/SwiftyJSON/SwiftyJSON.git
  TTReflect:
    :commit: 0e88a7965bb6eda6d173723a2b8968a0e26fc794
    :git: https://github.com/TifaTsubasa/TTReflect.git

SPEC CHECKSUMS:
  Alamofire: 2457e1b2e6c46bb05c3a598c542b7bfd08893775
  BRYXBanner: 5f0911d52e0a77e088f7ea7ddcdebd02afb7828a
  CVCalendar: 0799256e0bc3b43e83b7e86c0729ce9ff0624cb6
  ImageLoader: 7a26b4e248aa4cae7df322449ddb109bcfba9f09
  Realm: 6854f49cc788171573a0605fe5e55d3224bc39f9
  RealmSwift: 21aa38ae5210a8e7d3ca2fd02a0ce82476672101
  SwiftyJSON: 04ccea08915aa0109039157c7974cf0298da292a
  TTReflect: edf381e0e911770d3225bf290fac3d79f0471dd7

COCOAPODS: 0.39.0
